// !$*UTF8*$!
{
	archiveVersion = 1;
	classes = {
	};
	objectVersion = 50;
	objects = {

/* Begin PBXBuildFile section */
		85887F01206F7D43001DA8A2 /* AppDelegate.swift in Sources */ = {isa = PBXBuildFile; fileRef = 85887F00206F7D43001DA8A2 /* AppDelegate.swift */; };
		85887F03206F7D44001DA8A2 /* ViewController.swift in Sources */ = {isa = PBXBuildFile; fileRef = 85887F02206F7D44001DA8A2 /* ViewController.swift */; };
		85887F06206F7D44001DA8A2 /* Main.storyboard in Resources */ = {isa = PBXBuildFile; fileRef = 85887F04206F7D44001DA8A2 /* Main.storyboard */; };
		85887F08206F7D4A001DA8A2 /* Assets.xcassets in Resources */ = {isa = PBXBuildFile; fileRef = 85887F07206F7D4A001DA8A2 /* Assets.xcassets */; };
		85887F0B206F7D4A001DA8A2 /* LaunchScreen.storyboard in Resources */ = {isa = PBXBuildFile; fileRef = 85887F09206F7D4A001DA8A2 /* LaunchScreen.storyboard */; };
		85887F13206F89FD001DA8A2 /* AnimalTableTableViewController.swift in Sources */ = {isa = PBXBuildFile; fileRef = 85887F12206F89FD001DA8A2 /* AnimalTableTableViewController.swift */; };
		85887F15206F96BD001DA8A2 /* DetailViewController.swift in Sources */ = {isa = PBXBuildFile; fileRef = 85887F14206F96BD001DA8A2 /* DetailViewController.swift */; };
		85887F17206FA12A001DA8A2 /* SpecialTableViewCell.swift in Sources */ = {isa = PBXBuildFile; fileRef = 85887F16206FA12A001DA8A2 /* SpecialTableViewCell.swift */; };
/* End PBXBuildFile section */

/* Begin PBXFileReference section */
		85887EFD206F7D43001DA8A2 /* HelloTableView.app */ = {isa = PBXFileReference; explicitFileType = wrapper.application; includeInIndex = 0; path = HelloTableView.app; sourceTree = BUILT_PRODUCTS_DIR; };
		85887F00206F7D43001DA8A2 /* AppDelegate.swift */ = {isa = PBXFileReference; lastKnownFileType = sourcecode.swift; path = AppDelegate.swift; sourceTree = "<group>"; };
		85887F02206F7D44001DA8A2 /* ViewController.swift */ = {isa = PBXFileReference; lastKnownFileType = sourcecode.swift; path = ViewController.swift; sourceTree = "<group>"; };
		85887F05206F7D44001DA8A2 /* Base */ = {isa = PBXFileReference; lastKnownFileType = file.storyboard; name = Base; path = Base.lproj/Main.storyboard; sourceTree = "<group>"; };
		85887F07206F7D4A001DA8A2 /* Assets.xcassets */ = {isa = PBXFileReference; lastKnownFileType = folder.assetcatalog; path = Assets.xcassets; sourceTree = "<group>"; };
		85887F0A206F7D4A001DA8A2 /* Base */ = {isa = PBXFileReference; lastKnownFileType = file.storyboard; name = Base; path = Base.lproj/LaunchScreen.storyboard; sourceTree = "<group>"; };
		85887F0C206F7D4A001DA8A2 /* Info.plist */ = {isa = PBXFileReference; lastKnownFileType = text.plist.xml; path = Info.plist; sourceTree = "<group>"; };
		85887F12206F89FD001DA8A2 /* AnimalTableTableViewController.swift */ = {isa = PBXFileReference; lastKnownFileType = sourcecode.swift; path = AnimalTableTableViewController.swift; sourceTree = "<group>"; };
		85887F14206F96BD001DA8A2 /* DetailViewController.swift */ = {isa = PBXFileReference; lastKnownFileType = sourcecode.swift; path = DetailViewController.swift; sourceTree = "<group>"; };
		85887F16206FA12A001DA8A2 /* SpecialTableViewCell.swift */ = {isa = PBXFileReference; lastKnownFileType = sourcecode.swift; path = SpecialTableViewCell.swift; sourceTree = "<group>"; };
/* End PBXFileReference section */

/* Begin PBXFrameworksBuildPhase section */
		85887EFA206F7D43001DA8A2 /* Frameworks */ = {
			isa = PBXFrameworksBuildPhase;
			buildActionMask = 2147483647;
			files = (
			);
			runOnlyForDeploymentPostprocessing = 0;
		};
/* End PBXFrameworksBuildPhase section */

/* Begin PBXGroup section */
		85887EF4206F7D43001DA8A2 = {
			isa = PBXGroup;
			children = (
				85887EFF206F7D43001DA8A2 /* HelloTableView */,
				85887EFE206F7D43001DA8A2 /* Products */,
			);
			sourceTree = "<group>";
		};
		85887EFE206F7D43001DA8A2 /* Products */ = {
			isa = PBXGroup;
			children = (
				85887EFD206F7D43001DA8A2 /* HelloTableView.app */,
			);
			name = Products;
			sourceTree = "<group>";
		};
		85887EFF206F7D43001DA8A2 /* HelloTableView */ = {
			isa = PBXGroup;
			children = (
				85887F00206F7D43001DA8A2 /* AppDelegate.swift */,
				85887F02206F7D44001DA8A2 /* ViewController.swift */,
				85887F12206F89FD001DA8A2 /* AnimalTableTableViewController.swift */,
				85887F16206FA12A001DA8A2 /* SpecialTableViewCell.swift */,
				85887F14206F96BD001DA8A2 /* DetailViewController.swift */,
				85887F04206F7D44001DA8A2 /* Main.storyboard */,
				85887F07206F7D4A001DA8A2 /* Assets.xcassets */,
				85887F09206F7D4A001DA8A2 /* LaunchScreen.storyboard */,
				85887F0C206F7D4A001DA8A2 /* Info.plist */,
			);
			path = HelloTableView;
			sourceTree = "<group>";
		};
/* End PBXGroup section */

/* Begin PBXNativeTarget section */
		85887EFC206F7D43001DA8A2 /* HelloTableView */ = {
			isa = PBXNativeTarget;
			buildConfigurationList = 85887F0F206F7D4A001DA8A2 /* Build configuration list for PBXNativeTarget "HelloTableView" */;
			buildPhases = (
				85887EF9206F7D43001DA8A2 /* Sources */,
				85887EFA206F7D43001DA8A2 /* Frameworks */,
				85887EFB206F7D43001DA8A2 /* Resources */,
			);
			buildRules = (
			);
			dependencies = (
			);
			name = HelloTableView;
			productName = HelloTableView;
			productReference = 85887EFD206F7D43001DA8A2 /* HelloTableView.app */;
			productType = "com.apple.product-type.application";
		};
/* End PBXNativeTarget section */

/* Begin PBXProject section */
		85887EF5206F7D43001DA8A2 /* Project object */ = {
			isa = PBXProject;
			attributes = {
				LastSwiftUpdateCheck = 0930;
				LastUpgradeCheck = 0930;
				ORGANIZATIONNAME = AppsAdamLin;
				TargetAttributes = {
					85887EFC206F7D43001DA8A2 = {
						CreatedOnToolsVersion = 9.3;
					};
				};
			};
			buildConfigurationList = 85887EF8206F7D43001DA8A2 /* Build configuration list for PBXProject "HelloTableView" */;
			compatibilityVersion = "Xcode 9.3";
			developmentRegion = en;
			hasScannedForEncodings = 0;
			knownRegions = (
				en,
				Base,
			);
			mainGroup = 85887EF4206F7D43001DA8A2;
			productRefGroup = 85887EFE206F7D43001DA8A2 /* Products */;
			projectDirPath = "";
			projectRoot = "";
			targets = (
				85887EFC206F7D43001DA8A2 /* HelloTableView */,
			);
		};
/* End PBXProject section */

/* Begin PBXResourcesBuildPhase section */
		85887EFB206F7D43001DA8A2 /* Resources */ = {
			isa = PBXResourcesBuildPhase;
			buildActionMask = 2147483647;
			files = (
				85887F0B206F7D4A001DA8A2 /* LaunchScreen.storyboard in Resources */,
				85887F08206F7D4A001DA8A2 /* Assets.xcassets in Resources */,
				85887F06206F7D44001DA8A2 /* Main.storyboard in Resources */,
			);
			runOnlyForDeploymentPostprocessing = 0;
		};
/* End PBXResourcesBuildPhase section */

/* Begin PBXSourcesBuildPhase section */
		85887EF9206F7D43001DA8A2 /* Sources */ = {
			isa = PBXSourcesBuildPhase;
			buildActionMask = 2147483647;
			files = (
				85887F13206F89FD001DA8A2 /* AnimalTableTableViewController.swift in Sources */,
				85887F03206F7D44001DA8A2 /* ViewController.swift in Sources */,
				85887F01206F7D43001DA8A2 /* AppDelegate.swift in Sources */,
				85887F15206F96BD001DA8A2 /* DetailViewController.swift in Sources */,
				85887F17206FA12A001DA8A2 /* SpecialTableViewCell.swift in Sources */,
			);
			runOnlyForDeploymentPostprocessing = 0;
		};
/* End PBXSourcesBuildPhase section */

/* Begin PBXVariantGroup section */
		85887F04206F7D44001DA8A2 /* Main.storyboard */ = {
			isa = PBXVariantGroup;
			children = (
				85887F05206F7D44001DA8A2 /* Base */,
			);
			name = Main.storyboard;
			sourceTree = "<group>";
		};
		85887F09206F7D4A001DA8A2 /* LaunchScreen.storyboard */ = {
			isa = PBXVariantGroup;
			children = (
				85887F0A206F7D4A001DA8A2 /* Base */,
			);
			name = LaunchScreen.storyboard;
			sourceTree = "<group>";
		};
/* End PBXVariantGroup section */

/* Begin XCBuildConfiguration section */
		85887F0D206F7D4A001DA8A2 /* Debug */ = {
			isa = XCBuildConfiguration;
			buildSettings = {
				ALWAYS_SEARCH_USER_PATHS = NO;
				CLANG_ANALYZER_NONNULL = YES;
				CLANG_ANALYZER_NUMBER_OBJECT_CONVERSION = YES_AGGRESSIVE;
				CLANG_CXX_LANGUAGE_STANDARD = "gnu++14";
				CLANG_CXX_LIBRARY = "libc++";
				CLANG_ENABLE_MODULES = YES;
				CLANG_ENABLE_OBJC_ARC = YES;
				CLANG_ENABLE_OBJC_WEAK = YES;
				CLANG_WARN_BLOCK_CAPTURE_AUTORELEASING = YES;
				CLANG_WARN_BOOL_CONVERSION = YES;
				CLANG_WARN_COMMA = YES;
				CLANG_WARN_CONSTANT_CONVERSION = YES;
				CLANG_WARN_DEPRECATED_OBJC_IMPLEMENTATIONS = YES;
				CLANG_WARN_DIRECT_OBJC_ISA_USAGE = YES_ERROR;
				CLANG_WARN_DOCUMENTATION_COMMENTS = YES;
				CLANG_WARN_EMPTY_BODY = YES;
				CLANG_WARN_ENUM_CONVERSION = YES;
				CLANG_WARN_INFINITE_RECURSION = YES;
				CLANG_WARN_INT_CONVERSION = YES;
				CLANG_WARN_NON_LITERAL_NULL_CONVERSION = YES;
				CLANG_WARN_OBJC_IMPLICIT_RETAIN_SELF = YES;
				CLANG_WARN_OBJC_LITERAL_CONVERSION = YES;
				CLANG_WARN_OBJC_ROOT_CLASS = YES_ERROR;
				CLANG_WARN_RANGE_LOOP_ANALYSIS = YES;
				CLANG_WARN_STRICT_PROTOTYPES = YES;
				CLANG_WARN_SUSPICIOUS_MOVE = YES;
				CLANG_WARN_UNGUARDED_AVAILABILITY = YES_AGGRESSIVE;
				CLANG_WARN_UNREACHABLE_CODE = YES;
				CLANG_WARN__DUPLICATE_METHOD_MATCH = YES;
				CODE_SIGN_IDENTITY = "iPhone Developer";
				COPY_PHASE_STRIP = NO;
				DEBUG_INFORMATION_FORMAT = dwarf;
				ENABLE_STRICT_OBJC_MSGSEND = YES;
				ENABLE_TESTABILITY = YES;
				GCC_C_LANGUAGE_STANDARD = gnu11;
				GCC_DYNAMIC_NO_PIC = NO;
				GCC_NO_COMMON_BLOCKS = YES;
				GCC_OPTIMIZATION_LEVEL = 0;
				GCC_PREPROCESSOR_DEFINITIONS = (
					"DEBUG=1",
					"$(inherited)",
				);
				GCC_WARN_64_TO_32_BIT_CONVERSION = YES;
				GCC_WARN_ABOUT_RETURN_TYPE = YES_ERROR;
				GCC_WARN_UNDECLARED_SELECTOR = YES;
				GCC_WARN_UNINITIALIZED_AUTOS = YES_AGGRESSIVE;
				GCC_WARN_UNUSED_FUNCTION = YES;
				GCC_WARN_UNUSED_VARIABLE = YES;
				IPHONEOS_DEPLOYMENT_TARGET = 11.3;
				MTL_ENABLE_DEBUG_INFO = YES;
				ONLY_ACTIVE_ARCH = YES;
				SDKROOT = iphoneos;
				SWIFT_ACTIVE_COMPILATION_CONDITIONS = DEBUG;
				SWIFT_OPTIMIZATION_LEVEL = "-Onone";
			};
			name = Debug;
		};
		85887F0E206F7D4A001DA8A2 /* Release */ = {
			isa = XCBuildConfiguration;
			buildSettings = {
				ALWAYS_SEARCH_USER_PATHS = NO;
				CLANG_ANALYZER_NONNULL = YES;
				CLANG_ANALYZER_NUMBER_OBJECT_CONVERSION = YES_AGGRESSIVE;
				CLANG_CXX_LANGUAGE_STANDARD = "gnu++14";
				CLANG_CXX_LIBRARY = "libc++";
				CLANG_ENABLE_MODULES = YES;
				CLANG_ENABLE_OBJC_ARC = YES;
				CLANG_ENABLE_OBJC_WEAK = YES;
				CLANG_WARN_BLOCK_CAPTURE_AUTORELEASING = YES;
				CLANG_WARN_BOOL_CONVERSION = YES;
				CLANG_WARN_COMMA = YES;
				CLANG_WARN_CONSTANT_CONVERSION = YES;
				CLANG_WARN_DEPRECATED_OBJC_IMPLEMENTATIONS = YES;
				CLANG_WARN_DIRECT_OBJC_ISA_USAGE = YES_ERROR;
				CLANG_WARN_DOCUMENTATION_COMMENTS = YES;
				CLANG_WARN_EMPTY_BODY = YES;
				CLANG_WARN_ENUM_CONVERSION = YES;
				CLANG_WARN_INFINITE_RECURSION = YES;
				CLANG_WARN_INT_CONVERSION = YES;
				CLANG_WARN_NON_LITERAL_NULL_CONVERSION = YES;
				CLANG_WARN_OBJC_IMPLICIT_RETAIN_SELF = YES;
				CLANG_WARN_OBJC_LITERAL_CONVERSION = YES;
				CLANG_WARN_OBJC_ROOT_CLASS = YES_ERROR;
				CLANG_WARN_RANGE_LOOP_ANALYSIS = YES;
				CLANG_WARN_STRICT_PROTOTYPES = YES;
				CLANG_WARN_SUSPICIOUS_MOVE = YES;
				CLANG_WARN_UNGUARDED_AVAILABILITY = YES_AGGRESSIVE;
				CLANG_WARN_UNREACHABLE_CODE = YES;
				CLANG_WARN__DUPLICATE_METHOD_MATCH = YES;
				CODE_SIGN_IDENTITY = "iPhone Developer";
				COPY_PHASE_STRIP = NO;
				DEBUG_INFORMATION_FORMAT = "dwarf-with-dsym";
				ENABLE_NS_ASSERTIONS = NO;
				ENABLE_STRICT_OBJC_MSGSEND = YES;
				GCC_C_LANGUAGE_STANDARD = gnu11;
				GCC_NO_COMMON_BLOCKS = YES;
				GCC_WARN_64_TO_32_BIT_CONVERSION = YES;
				GCC_WARN_ABOUT_RETURN_TYPE = YES_ERROR;
				GCC_WARN_UNDECLARED_SELECTOR = YES;
				GCC_WARN_UNINITIALIZED_AUTOS = YES_AGGRESSIVE;
				GCC_WARN_UNUSED_FUNCTION = YES;
				GCC_WARN_UNUSED_VARIABLE = YES;
				IPHONEOS_DEPLOYMENT_TARGET = 11.3;
				MTL_ENABLE_DEBUG_INFO = NO;
				SDKROOT = iphoneos;
				SWIFT_COMPILATION_MODE = wholemodule;
				SWIFT_OPTIMIZATION_LEVEL = "-O";
				VALIDATE_PRODUCT = YES;
			};
			name = Release;
		};
		85887F10206F7D4A001DA8A2 /* Debug */ = {
			isa = XCBuildConfiguration;
			buildSettings = {
				ASSETCATALOG_COMPILER_APPICON_NAME = AppIcon;
				CODE_SIGN_STYLE = Automatic;
				DEVELOPMENT_TEAM = 955X86W9RG;
				INFOPLIST_FILE = HelloTableView/Info.plist;
				LD_RUNPATH_SEARCH_PATHS = (
					"$(inherited)",
					"@executable_path/Frameworks",
				);
				PRODUCT_BUNDLE_IDENTIFIER = com.AppsAdamLin.HelloTableView;
				PRODUCT_NAME = "$(TARGET_NAME)";
				SWIFT_VERSION = 4.0;
				TARGETED_DEVICE_FAMILY = "1,2";
			};
			name = Debug;
		};
		85887F11206F7D4A001DA8A2 /* Release */ = {
			isa = XCBuildConfiguration;
			buildSettings = {
				ASSETCATALOG_COMPILER_APPICON_NAME = AppIcon;
				CODE_SIGN_STYLE = Automatic;
				DEVELOPMENT_TEAM = 955X86W9RG;
				INFOPLIST_FILE = HelloTableView/Info.plist;
				LD_RUNPATH_SEARCH_PATHS = (
					"$(inherited)",
					"@executable_path/Frameworks",
				);
				PRODUCT_BUNDLE_IDENTIFIER = com.AppsAdamLin.HelloTableView;
				PRODUCT_NAME = "$(TARGET_NAME)";
				SWIFT_VERSION = 4.0;
				TARGETED_DEVICE_FAMILY = "1,2";
			};
			name = Release;
		};
/* End XCBuildConfiguration section */

/* Begin XCConfigurationList section */
		85887EF8206F7D43001DA8A2 /* Build configuration list for PBXProject "HelloTableView" */ = {
			isa = XCConfigurationList;
			buildConfigurations = (
				85887F0D206F7D4A001DA8A2 /* Debug */,
				85887F0E206F7D4A001DA8A2 /* Release */,
			);
			defaultConfigurationIsVisible = 0;
			defaultConfigurationName = Release;
		};
		85887F0F206F7D4A001DA8A2 /* Build configuration list for PBXNativeTarget "HelloTableView" */ = {
			isa = XCConfigurationList;
			buildConfigurations = (
				85887F10206F7D4A001DA8A2 /* Debug */,
				85887F11206F7D4A001DA8A2 /* Release */,
			);
			defaultConfigurationIsVisible = 0;
			defaultConfigurationName = Release;
		};
/* End XCConfigurationList section */
	};
	rootObject = 85887EF5206F7D43001DA8A2 /* Project object */;
}
